
Microsoft Visual Studio Solution File, Format Version 12.00
# Visual Studio Version 17
VisualStudioVersion = 17.2.32519.379
MinimumVisualStudioVersion = 10.0.40219.1
Project("{FAE04EC0-301F-11D3-BF4B-00C04F79EFBC}") = "ProjetoLojaComidaMVC", "ProjetoLojaComidaMVC\ProjetoLojaComidaMVC.csproj", "{B75B39FC-C26E-4CCC-ABCD-2FD5027DC8BB}"
EndProject
Global
	GlobalSection(SolutionConfigurationPlatforms) = preSolution
		Debug|Any CPU = Debug|Any CPU
		Release|Any CPU = Release|Any CPU
	EndGlobalSection
	GlobalSection(ProjectConfigurationPlatforms) = postSolution
		{B75B39FC-C26E-4CCC-ABCD-2FD5027DC8BB}.Debug|Any CPU.ActiveCfg = Debug|Any CPU
		{B75B39FC-C26E-4CCC-ABCD-2FD5027DC8BB}.Debug|Any CPU.Build.0 = Debug|Any CPU
		{B75B39FC-C26E-4CCC-ABCD-2FD5027DC8BB}.Release|Any CPU.ActiveCfg = Release|Any CPU
		{B75B39FC-C26E-4CCC-ABCD-2FD5027DC8BB}.Release|Any CPU.Build.0 = Release|Any CPU
	EndGlobalSection
	GlobalSection(SolutionProperties) = preSolution
		HideSolutionNode = FALSE
	EndGlobalSection
	GlobalSection(ExtensibilityGlobals) = postSolution
		SolutionGuid = {82D2B023-0CC9-47DB-B16F-E5D8288396C2}
	EndGlobalSection
EndGlobal
